
Microsoft Visual Studio Solution File, Format Version 12.00
# Visual Studio 15
VisualStudioVersion = 15.0.26124.0
MinimumVisualStudioVersion = 15.0.26124.0
Project("{2150E333-8FDC-42A3-9474-1A3956D46DE8}") = "src", "src", "{7BA01198-F10A-41B2-8CCB-B7C96A28FBA1}"
EndProject
Project("{FAE04EC0-301F-11D3-BF4B-00C04F79EFBC}") = "XPTO", "src\XPTO\XPTO.csproj", "{DF0C240B-601D-4C8B-97DE-51F11F623C35}"
EndProject
Project("{2150E333-8FDC-42A3-9474-1A3956D46DE8}") = "test", "test", "{809054DA-89CE-47BC-BECB-3763104964ED}"
EndProject
Project("{FAE04EC0-301F-11D3-BF4B-00C04F79EFBC}") = "XPTO.tests", "test\XPTO.tests\XPTO.tests.csproj", "{33DD18BF-F768-49A8-9BAB-2B8A25EBA10A}"
EndProject
Project("{FAE04EC0-301F-11D3-BF4B-00C04F79EFBC}") = "XPTO.Domain", "src\XPTO.Domain\XPTO.Domain.csproj", "{F8293B0E-FF9E-4089-A54F-42A82A2CC296}"
EndProject
Project("{FAE04EC0-301F-11D3-BF4B-00C04F79EFBC}") = "XPTO.Infrastructure", "src\XPTO.Infrastructure\XPTO.Infrastructure.csproj", "{AE517246-9B86-4B55-BDA0-1283E14AAFC9}"
EndProject
Global
	GlobalSection(SolutionConfigurationPlatforms) = preSolution
		Debug|Any CPU = Debug|Any CPU
		Debug|x64 = Debug|x64
		Debug|x86 = Debug|x86
		Release|Any CPU = Release|Any CPU
		Release|x64 = Release|x64
		Release|x86 = Release|x86
	EndGlobalSection
	GlobalSection(SolutionProperties) = preSolution
		HideSolutionNode = FALSE
	EndGlobalSection
	GlobalSection(ProjectConfigurationPlatforms) = postSolution
		{DF0C240B-601D-4C8B-97DE-51F11F623C35}.Debug|Any CPU.ActiveCfg = Debug|Any CPU
		{DF0C240B-601D-4C8B-97DE-51F11F623C35}.Debug|Any CPU.Build.0 = Debug|Any CPU
		{DF0C240B-601D-4C8B-97DE-51F11F623C35}.Debug|x64.ActiveCfg = Debug|Any CPU
		{DF0C240B-601D-4C8B-97DE-51F11F623C35}.Debug|x64.Build.0 = Debug|Any CPU
		{DF0C240B-601D-4C8B-97DE-51F11F623C35}.Debug|x86.ActiveCfg = Debug|Any CPU
		{DF0C240B-601D-4C8B-97DE-51F11F623C35}.Debug|x86.Build.0 = Debug|Any CPU
		{DF0C240B-601D-4C8B-97DE-51F11F623C35}.Release|Any CPU.ActiveCfg = Release|Any CPU
		{DF0C240B-601D-4C8B-97DE-51F11F623C35}.Release|Any CPU.Build.0 = Release|Any CPU
		{DF0C240B-601D-4C8B-97DE-51F11F623C35}.Release|x64.ActiveCfg = Release|Any CPU
		{DF0C240B-601D-4C8B-97DE-51F11F623C35}.Release|x64.Build.0 = Release|Any CPU
		{DF0C240B-601D-4C8B-97DE-51F11F623C35}.Release|x86.ActiveCfg = Release|Any CPU
		{DF0C240B-601D-4C8B-97DE-51F11F623C35}.Release|x86.Build.0 = Release|Any CPU
		{33DD18BF-F768-49A8-9BAB-2B8A25EBA10A}.Debug|Any CPU.ActiveCfg = Debug|Any CPU
		{33DD18BF-F768-49A8-9BAB-2B8A25EBA10A}.Debug|Any CPU.Build.0 = Debug|Any CPU
		{33DD18BF-F768-49A8-9BAB-2B8A25EBA10A}.Debug|x64.ActiveCfg = Debug|Any CPU
		{33DD18BF-F768-49A8-9BAB-2B8A25EBA10A}.Debug|x64.Build.0 = Debug|Any CPU
		{33DD18BF-F768-49A8-9BAB-2B8A25EBA10A}.Debug|x86.ActiveCfg = Debug|Any CPU
		{33DD18BF-F768-49A8-9BAB-2B8A25EBA10A}.Debug|x86.Build.0 = Debug|Any CPU
		{33DD18BF-F768-49A8-9BAB-2B8A25EBA10A}.Release|Any CPU.ActiveCfg = Release|Any CPU
		{33DD18BF-F768-49A8-9BAB-2B8A25EBA10A}.Release|Any CPU.Build.0 = Release|Any CPU
		{33DD18BF-F768-49A8-9BAB-2B8A25EBA10A}.Release|x64.ActiveCfg = Release|Any CPU
		{33DD18BF-F768-49A8-9BAB-2B8A25EBA10A}.Release|x64.Build.0 = Release|Any CPU
		{33DD18BF-F768-49A8-9BAB-2B8A25EBA10A}.Release|x86.ActiveCfg = Release|Any CPU
		{33DD18BF-F768-49A8-9BAB-2B8A25EBA10A}.Release|x86.Build.0 = Release|Any CPU
		{F8293B0E-FF9E-4089-A54F-42A82A2CC296}.Debug|Any CPU.ActiveCfg = Debug|Any CPU
		{F8293B0E-FF9E-4089-A54F-42A82A2CC296}.Debug|Any CPU.Build.0 = Debug|Any CPU
		{F8293B0E-FF9E-4089-A54F-42A82A2CC296}.Debug|x64.ActiveCfg = Debug|Any CPU
		{F8293B0E-FF9E-4089-A54F-42A82A2CC296}.Debug|x64.Build.0 = Debug|Any CPU
		{F8293B0E-FF9E-4089-A54F-42A82A2CC296}.Debug|x86.ActiveCfg = Debug|Any CPU
		{F8293B0E-FF9E-4089-A54F-42A82A2CC296}.Debug|x86.Build.0 = Debug|Any CPU
		{F8293B0E-FF9E-4089-A54F-42A82A2CC296}.Release|Any CPU.ActiveCfg = Release|Any CPU
		{F8293B0E-FF9E-4089-A54F-42A82A2CC296}.Release|Any CPU.Build.0 = Release|Any CPU
		{F8293B0E-FF9E-4089-A54F-42A82A2CC296}.Release|x64.ActiveCfg = Release|Any CPU
		{F8293B0E-FF9E-4089-A54F-42A82A2CC296}.Release|x64.Build.0 = Release|Any CPU
		{F8293B0E-FF9E-4089-A54F-42A82A2CC296}.Release|x86.ActiveCfg = Release|Any CPU
		{F8293B0E-FF9E-4089-A54F-42A82A2CC296}.Release|x86.Build.0 = Release|Any CPU
		{AE517246-9B86-4B55-BDA0-1283E14AAFC9}.Debug|Any CPU.ActiveCfg = Debug|Any CPU
		{AE517246-9B86-4B55-BDA0-1283E14AAFC9}.Debug|Any CPU.Build.0 = Debug|Any CPU
		{AE517246-9B86-4B55-BDA0-1283E14AAFC9}.Debug|x64.ActiveCfg = Debug|Any CPU
		{AE517246-9B86-4B55-BDA0-1283E14AAFC9}.Debug|x64.Build.0 = Debug|Any CPU
		{AE517246-9B86-4B55-BDA0-1283E14AAFC9}.Debug|x86.ActiveCfg = Debug|Any CPU
		{AE517246-9B86-4B55-BDA0-1283E14AAFC9}.Debug|x86.Build.0 = Debug|Any CPU
		{AE517246-9B86-4B55-BDA0-1283E14AAFC9}.Release|Any CPU.ActiveCfg = Release|Any CPU
		{AE517246-9B86-4B55-BDA0-1283E14AAFC9}.Release|Any CPU.Build.0 = Release|Any CPU
		{AE517246-9B86-4B55-BDA0-1283E14AAFC9}.Release|x64.ActiveCfg = Release|Any CPU
		{AE517246-9B86-4B55-BDA0-1283E14AAFC9}.Release|x64.Build.0 = Release|Any CPU
		{AE517246-9B86-4B55-BDA0-1283E14AAFC9}.Release|x86.ActiveCfg = Release|Any CPU
		{AE517246-9B86-4B55-BDA0-1283E14AAFC9}.Release|x86.Build.0 = Release|Any CPU
	EndGlobalSection
	GlobalSection(NestedProjects) = preSolution
		{DF0C240B-601D-4C8B-97DE-51F11F623C35} = {7BA01198-F10A-41B2-8CCB-B7C96A28FBA1}
		{33DD18BF-F768-49A8-9BAB-2B8A25EBA10A} = {809054DA-89CE-47BC-BECB-3763104964ED}
		{F8293B0E-FF9E-4089-A54F-42A82A2CC296} = {7BA01198-F10A-41B2-8CCB-B7C96A28FBA1}
		{AE517246-9B86-4B55-BDA0-1283E14AAFC9} = {7BA01198-F10A-41B2-8CCB-B7C96A28FBA1}
	EndGlobalSection
EndGlobal
